<?xml version="1.0" encoding="utf-8"?>
<Project ToolsVersion="4.0" xmlns="http://schemas.microsoft.com/developer/msbuild/2003">
  <ItemGroup>
    <Filter Include="Fichiers sources">
      <UniqueIdentifier>{4FC737F1-C7A5-4376-A066-2A32D752A2FF}</UniqueIdentifier>
      <Extensions>cpp;c;cc;cxx;c++;cppm;ixx;def;odl;idl;hpj;bat;asm;asmx</Extensions>
    </Filter>
    <Filter Include="Fichiers d%27en-tête">
      <UniqueIdentifier>{93995380-89BD-4b04-88EB-625FBE52EBFB}</UniqueIdentifier>
      <Extensions>h;hh;hpp;hxx;h++;hm;inl;inc;ipp;xsd</Extensions>
    </Filter>
    <Filter Include="Fichiers de ressources">
      <UniqueIdentifier>{67DA6AB6-F800-4c08-8B7A-83BB121AAD01}</UniqueIdentifier>
      <Extensions>rc;ico;cur;bmp;dlg;rc2;rct;bin;rgs;gif;jpg;jpeg;jpe;resx;tiff;tif;png;wav;mfcribbon-ms</Extensions>
    </Filter>
    <Filter Include="Fichiers sources\Checkers">
      <UniqueIdentifier>{2cea0472-e5c0-4ad0-af26-6cc518a6ee68}</UniqueIdentifier>
    </Filter>
    <Filter Include="Fichiers sources\Othello">
      <UniqueIdentifier>{23ee7c38-878b-42f5-88f8-2c281ac9af40}</UniqueIdentifier>
    </Filter>
    <Filter Include="Fichiers sources\TicTacToe">
      <UniqueIdentifier>{347ff7db-928b-4705-85b8-3baefc49ccf0}</UniqueIdentifier>
    </Filter>
    <Filter Include="Fichiers sources\Puissance4">
      <UniqueIdentifier>{836b1606-8d22-4b4e-9214-3032b3ee81c5}</UniqueIdentifier>
    </Filter>
  </ItemGroup>
  <ItemGroup>
    <ClCompile Include="main.cpp">
      <Filter>Fichiers sources</Filter>
    </ClCompile>
    <ClCompile Include="Puissance4.cpp">
      <Filter>Fichiers sources</Filter>
    </ClCompile>
    <ClCompile Include="TicTacToe.cpp">
      <Filter>Fichiers sources</Filter>
    </ClCompile>
    <ClCompile Include="Othello.cpp">
      <Filter>Fichiers sources</Filter>
    </ClCompile>
    <ClCompile Include="Checkers.cpp">
      <Filter>Fichiers sources</Filter>
    </ClCompile>
  </ItemGroup>
  <ItemGroup>
    <ClInclude Include="Puissance4.h">
      <Filter>Fichiers sources</Filter>
    </ClInclude>
    <ClInclude Include="Game.h">
      <Filter>Fichiers sources</Filter>
    </ClInclude>
    <ClInclude Include="TicTacToe.h">
      <Filter>Fichiers sources</Filter>
    </ClInclude>
    <ClInclude Include="Othello.h">
      <Filter>Fichiers sources</Filter>
    </ClInclude>
    <ClInclude Include="Checkers.h">
      <Filter>Fichiers sources</Filter>
    </ClInclude>
    <ClInclude Include="FontManager.h">
      <Filter>Fichiers sources</Filter>
    </ClInclude>
  </ItemGroup>
</Project>